Microsoft Visual Studio Solution File, Format Version 12.00
# Visual Studio Version 17
VisualStudioVersion = 17.0.31919.166
MinimumVisualStudioVersion = 10.0.40219.1
Project("{FAE04EC0-301F-11D3-BF4B-00C04F79EFBC}") = "CRE132.Web", "web\CRE132.Web\CRE132.Web.csproj", "{12C4CDFA-3BA8-4F52-B1C6-0AFFEA8E4E87}"
EndProject
Project("{FAE04EC0-301F-11D3-BF4B-00C04F79EFBC}") = "Harness", "engine\Harness\Harness.csproj", "{3D7A5E2B-8C4D-4A19-B5F3-7C1A8F6D2E4C}"
EndProject
Project("{FAE04EC0-301F-11D3-BF4B-00C04F79EFBC}") = "Tests", "engine\Tests\Tests.csproj", "{5F2C3E1A-7D9B-4C6E-A8F2-3B5D7C9E1A4F}"
EndProject
Project("{FAE04EC0-301F-11D3-BF4B-00C04F79EFBC}") = "Compiler", "engine\Compiler\Compiler.csproj", "{7E4D5C3B-9F2A-4E8D-B7C1-5A3F8E2D6C4B}"
EndProject
Global
	GlobalSection(SolutionConfigurationPlatforms) = preSolution
		Debug|Any CPU = Debug|Any CPU
		Release|Any CPU = Release|Any CPU
	EndGlobalSection
	GlobalSection(ProjectConfigurationPlatforms) = postSolution
		{12C4CDFA-3BA8-4F52-B1C6-0AFFEA8E4E87}.Debug|Any CPU.ActiveCfg = Debug|Any CPU
		{12C4CDFA-3BA8-4F52-B1C6-0AFFEA8E4E87}.Debug|Any CPU.Build.0 = Debug|Any CPU
		{12C4CDFA-3BA8-4F52-B1C6-0AFFEA8E4E87}.Release|Any CPU.ActiveCfg = Release|Any CPU
		{12C4CDFA-3BA8-4F52-B1C6-0AFFEA8E4E87}.Release|Any CPU.Build.0 = Release|Any CPU
		{3D7A5E2B-8C4D-4A19-B5F3-7C1A8F6D2E4C}.Debug|Any CPU.ActiveCfg = Debug|Any CPU
		{3D7A5E2B-8C4D-4A19-B5F3-7C1A8F6D2E4C}.Debug|Any CPU.Build.0 = Debug|Any CPU
		{3D7A5E2B-8C4D-4A19-B5F3-7C1A8F6D2E4C}.Release|Any CPU.ActiveCfg = Release|Any CPU
		{3D7A5E2B-8C4D-4A19-B5F3-7C1A8F6D2E4C}.Release|Any CPU.Build.0 = Release|Any CPU
		{5F2C3E1A-7D9B-4C6E-A8F2-3B5D7C9E1A4F}.Debug|Any CPU.ActiveCfg = Debug|Any CPU
		{5F2C3E1A-7D9B-4C6E-A8F2-3B5D7C9E1A4F}.Debug|Any CPU.Build.0 = Debug|Any CPU
		{5F2C3E1A-7D9B-4C6E-A8F2-3B5D7C9E1A4F}.Release|Any CPU.ActiveCfg = Release|Any CPU
		{5F2C3E1A-7D9B-4C6E-A8F2-3B5D7C9E1A4F}.Release|Any CPU.Build.0 = Release|Any CPU
		{7E4D5C3B-9F2A-4E8D-B7C1-5A3F8E2D6C4B}.Debug|Any CPU.ActiveCfg = Debug|Any CPU
		{7E4D5C3B-9F2A-4E8D-B7C1-5A3F8E2D6C4B}.Debug|Any CPU.Build.0 = Debug|Any CPU
		{7E4D5C3B-9F2A-4E8D-B7C1-5A3F8E2D6C4B}.Release|Any CPU.ActiveCfg = Release|Any CPU
		{7E4D5C3B-9F2A-4E8D-B7C1-5A3F8E2D6C4B}.Release|Any CPU.Build.0 = Release|Any CPU
	EndGlobalSection
EndGlobal
